
Microsoft Visual Studio Solution File, Format Version 12.00
# Visual Studio 15
VisualStudioVersion = 15.0.28010.2050
MinimumVisualStudioVersion = 10.0.40219.1
Project("{FAE04EC0-301F-11D3-BF4B-00C04F79EFBC}") = "DupeFinder", "DupeFinder.csproj", "{1AE4BA1C-8D00-42BF-8EDA-F8FB5DDBE410}"
EndProject
Global
	GlobalSection(SolutionConfigurationPlatforms) = preSolution
		Debug|Any CPU = Debug|Any CPU
		Release|Any CPU = Release|Any CPU
	EndGlobalSection
	GlobalSection(ProjectConfigurationPlatforms) = postSolution
		{1AE4BA1C-8D00-42BF-8EDA-F8FB5DDBE410}.Debug|Any CPU.ActiveCfg = Debug|Any CPU
		{1AE4BA1C-8D00-42BF-8EDA-F8FB5DDBE410}.Debug|Any CPU.Build.0 = Debug|Any CPU
		{1AE4BA1C-8D00-42BF-8EDA-F8FB5DDBE410}.Release|Any CPU.ActiveCfg = Release|Any CPU
		{1AE4BA1C-8D00-42BF-8EDA-F8FB5DDBE410}.Release|Any CPU.Build.0 = Release|Any CPU
	EndGlobalSection
	GlobalSection(SolutionProperties) = preSolution
		HideSolutionNode = FALSE
	EndGlobalSection
	GlobalSection(ExtensibilityGlobals) = postSolution
		SolutionGuid = {3892F774-D9A1-4BD6-A4DC-D1EE45B29FCD}
	EndGlobalSection
EndGlobal
